
Microsoft Visual Studio Solution File, Format Version 12.00
# Visual Studio Version 17
VisualStudioVersion = 17.3.32901.215
MinimumVisualStudioVersion = 10.0.40219.1
Project("{FAE04EC0-301F-11D3-BF4B-00C04F79EFBC}") = "GestionHotel", "GestionHotel\GestionHotel.csproj", "{4CCBB668-99D6-4CFB-8381-E6DBA5615815}"
EndProject
Global
	GlobalSection(SolutionConfigurationPlatforms) = preSolution
		Debug|Any CPU = Debug|Any CPU
		Release|Any CPU = Release|Any CPU
	EndGlobalSection
	GlobalSection(ProjectConfigurationPlatforms) = postSolution
		{4CCBB668-99D6-4CFB-8381-E6DBA5615815}.Debug|Any CPU.ActiveCfg = Debug|Any CPU
		{4CCBB668-99D6-4CFB-8381-E6DBA5615815}.Debug|Any CPU.Build.0 = Debug|Any CPU
		{4CCBB668-99D6-4CFB-8381-E6DBA5615815}.Release|Any CPU.ActiveCfg = Release|Any CPU
		{4CCBB668-99D6-4CFB-8381-E6DBA5615815}.Release|Any CPU.Build.0 = Release|Any CPU
	EndGlobalSection
	GlobalSection(SolutionProperties) = preSolution
		HideSolutionNode = FALSE
	EndGlobalSection
	GlobalSection(ExtensibilityGlobals) = postSolution
		SolutionGuid = {5CD69D14-FEE9-4BC2-904C-7B7F643CD3D8}
	EndGlobalSection
EndGlobal
